// !$*UTF8*$!
{
	archiveVersion = 1;
	classes = {
	};
	objectVersion = 50;
	objects = {

/* Begin PBXBuildFile section */
		6373C01122B297F000DDC803 /* AppDelegate.swift in Sources */ = {isa = PBXBuildFile; fileRef = 6373C01022B297F000DDC803 /* AppDelegate.swift */; };
		6373C01322B297F000DDC803 /* ViewController.swift in Sources */ = {isa = PBXBuildFile; fileRef = 6373C01222B297F000DDC803 /* ViewController.swift */; };
		6373C01622B297F000DDC803 /* Main.storyboard in Resources */ = {isa = PBXBuildFile; fileRef = 6373C01422B297F000DDC803 /* Main.storyboard */; };
		6373C01822B297F100DDC803 /* Assets.xcassets in Resources */ = {isa = PBXBuildFile; fileRef = 6373C01722B297F100DDC803 /* Assets.xcassets */; };
		6373C01B22B297F100DDC803 /* LaunchScreen.storyboard in Resources */ = {isa = PBXBuildFile; fileRef = 6373C01922B297F100DDC803 /* LaunchScreen.storyboard */; };
		6373C02622B297F100DDC803 /* MerlinRecomendationsTests.swift in Sources */ = {isa = PBXBuildFile; fileRef = 6373C02522B297F100DDC803 /* MerlinRecomendationsTests.swift */; };
/* End PBXBuildFile section */

/* Begin PBXContainerItemProxy section */
		6373C02222B297F100DDC803 /* PBXContainerItemProxy */ = {
			isa = PBXContainerItemProxy;
			containerPortal = 6373C00522B297F000DDC803 /* Project object */;
			proxyType = 1;
			remoteGlobalIDString = 6373C00C22B297F000DDC803;
			remoteInfo = MerlinRecomendations;
		};
/* End PBXContainerItemProxy section */

/* Begin PBXFileReference section */
		6373C00D22B297F000DDC803 /* MerlinRecomendations.app */ = {isa = PBXFileReference; explicitFileType = wrapper.application; includeInIndex = 0; path = MerlinRecomendations.app; sourceTree = BUILT_PRODUCTS_DIR; };
		6373C01022B297F000DDC803 /* AppDelegate.swift */ = {isa = PBXFileReference; lastKnownFileType = sourcecode.swift; path = AppDelegate.swift; sourceTree = "<group>"; };
		6373C01222B297F000DDC803 /* ViewController.swift */ = {isa = PBXFileReference; lastKnownFileType = sourcecode.swift; path = ViewController.swift; sourceTree = "<group>"; };
		6373C01522B297F000DDC803 /* Base */ = {isa = PBXFileReference; lastKnownFileType = file.storyboard; name = Base; path = Base.lproj/Main.storyboard; sourceTree = "<group>"; };
		6373C01722B297F100DDC803 /* Assets.xcassets */ = {isa = PBXFileReference; lastKnownFileType = folder.assetcatalog; path = Assets.xcassets; sourceTree = "<group>"; };
		6373C01A22B297F100DDC803 /* Base */ = {isa = PBXFileReference; lastKnownFileType = file.storyboard; name = Base; path = Base.lproj/LaunchScreen.storyboard; sourceTree = "<group>"; };
		6373C01C22B297F100DDC803 /* Info.plist */ = {isa = PBXFileReference; lastKnownFileType = text.plist.xml; path = Info.plist; sourceTree = "<group>"; };
		6373C02122B297F100DDC803 /* MerlinRecomendationsTests.xctest */ = {isa = PBXFileReference; explicitFileType = wrapper.cfbundle; includeInIndex = 0; path = MerlinRecomendationsTests.xctest; sourceTree = BUILT_PRODUCTS_DIR; };
		6373C02522B297F100DDC803 /* MerlinRecomendationsTests.swift */ = {isa = PBXFileReference; lastKnownFileType = sourcecode.swift; path = MerlinRecomendationsTests.swift; sourceTree = "<group>"; };
		6373C02722B297F100DDC803 /* Info.plist */ = {isa = PBXFileReference; lastKnownFileType = text.plist.xml; path = Info.plist; sourceTree = "<group>"; };
/* End PBXFileReference section */

/* Begin PBXFrameworksBuildPhase section */
		6373C00A22B297F000DDC803 /* Frameworks */ = {
			isa = PBXFrameworksBuildPhase;
			buildActionMask = 2147483647;
			files = (
			);
			runOnlyForDeploymentPostprocessing = 0;
		};
		6373C01E22B297F100DDC803 /* Frameworks */ = {
			isa = PBXFrameworksBuildPhase;
			buildActionMask = 2147483647;
			files = (
			);
			runOnlyForDeploymentPostprocessing = 0;
		};
/* End PBXFrameworksBuildPhase section */

/* Begin PBXGroup section */
		6373C00422B297F000DDC803 = {
			isa = PBXGroup;
			children = (
				6373C00F22B297F000DDC803 /* MerlinRecomendations */,
				6373C02422B297F100DDC803 /* MerlinRecomendationsTests */,
				6373C00E22B297F000DDC803 /* Products */,
			);
			sourceTree = "<group>";
		};
		6373C00E22B297F000DDC803 /* Products */ = {
			isa = PBXGroup;
			children = (
				6373C00D22B297F000DDC803 /* MerlinRecomendations.app */,
				6373C02122B297F100DDC803 /* MerlinRecomendationsTests.xctest */,
			);
			name = Products;
			sourceTree = "<group>";
		};
		6373C00F22B297F000DDC803 /* MerlinRecomendations */ = {
			isa = PBXGroup;
			children = (
				6373C01022B297F000DDC803 /* AppDelegate.swift */,
				6373C01222B297F000DDC803 /* ViewController.swift */,
				6373C01422B297F000DDC803 /* Main.storyboard */,
				6373C01722B297F100DDC803 /* Assets.xcassets */,
				6373C01922B297F100DDC803 /* LaunchScreen.storyboard */,
				6373C01C22B297F100DDC803 /* Info.plist */,
			);
			path = MerlinRecomendations;
			sourceTree = "<group>";
		};
		6373C02422B297F100DDC803 /* MerlinRecomendationsTests */ = {
			isa = PBXGroup;
			children = (
				6373C02522B297F100DDC803 /* MerlinRecomendationsTests.swift */,
				6373C02722B297F100DDC803 /* Info.plist */,
			);
			path = MerlinRecomendationsTests;
			sourceTree = "<group>";
		};
/* End PBXGroup section */

/* Begin PBXNativeTarget section */
		6373C00C22B297F000DDC803 /* MerlinRecomendations */ = {
			isa = PBXNativeTarget;
			buildConfigurationList = 6373C02A22B297F100DDC803 /* Build configuration list for PBXNativeTarget "MerlinRecomendations" */;
			buildPhases = (
				6373C00922B297F000DDC803 /* Sources */,
				6373C00A22B297F000DDC803 /* Frameworks */,
				6373C00B22B297F000DDC803 /* Resources */,
			);
			buildRules = (
			);
			dependencies = (
			);
			name = MerlinRecomendations;
			productName = MerlinRecomendations;
			productReference = 6373C00D22B297F000DDC803 /* MerlinRecomendations.app */;
			productType = "com.apple.product-type.application";
		};
		6373C02022B297F100DDC803 /* MerlinRecomendationsTests */ = {
			isa = PBXNativeTarget;
			buildConfigurationList = 6373C02D22B297F100DDC803 /* Build configuration list for PBXNativeTarget "MerlinRecomendationsTests" */;
			buildPhases = (
				6373C01D22B297F100DDC803 /* Sources */,
				6373C01E22B297F100DDC803 /* Frameworks */,
				6373C01F22B297F100DDC803 /* Resources */,
			);
			buildRules = (
			);
			dependencies = (
				6373C02322B297F100DDC803 /* PBXTargetDependency */,
			);
			name = MerlinRecomendationsTests;
			productName = MerlinRecomendationsTests;
			productReference = 6373C02122B297F100DDC803 /* MerlinRecomendationsTests.xctest */;
			productType = "com.apple.product-type.bundle.unit-test";
		};
/* End PBXNativeTarget section */

/* Begin PBXProject section */
		6373C00522B297F000DDC803 /* Project object */ = {
			isa = PBXProject;
			attributes = {
				LastSwiftUpdateCheck = 1010;
				LastUpgradeCheck = 1010;
				ORGANIZATIONNAME = "David A Cespedes R";
				TargetAttributes = {
					6373C00C22B297F000DDC803 = {
						CreatedOnToolsVersion = 10.1;
					};
					6373C02022B297F100DDC803 = {
						CreatedOnToolsVersion = 10.1;
						TestTargetID = 6373C00C22B297F000DDC803;
					};
				};
			};
			buildConfigurationList = 6373C00822B297F000DDC803 /* Build configuration list for PBXProject "MerlinRecomendations" */;
			compatibilityVersion = "Xcode 9.3";
			developmentRegion = en;
			hasScannedForEncodings = 0;
			knownRegions = (
				en,
				Base,
			);
			mainGroup = 6373C00422B297F000DDC803;
			productRefGroup = 6373C00E22B297F000DDC803 /* Products */;
			projectDirPath = "";
			projectRoot = "";
			targets = (
				6373C00C22B297F000DDC803 /* MerlinRecomendations */,
				6373C02022B297F100DDC803 /* MerlinRecomendationsTests */,
			);
		};
/* End PBXProject section */

/* Begin PBXResourcesBuildPhase section */
		6373C00B22B297F000DDC803 /* Resources */ = {
			isa = PBXResourcesBuildPhase;
			buildActionMask = 2147483647;
			files = (
				6373C01B22B297F100DDC803 /* LaunchScreen.storyboard in Resources */,
				6373C01822B297F100DDC803 /* Assets.xcassets in Resources */,
				6373C01622B297F000DDC803 /* Main.storyboard in Resources */,
			);
			runOnlyForDeploymentPostprocessing = 0;
		};
		6373C01F22B297F100DDC803 /* Resources */ = {
			isa = PBXResourcesBuildPhase;
			buildActionMask = 2147483647;
			files = (
			);
			runOnlyForDeploymentPostprocessing = 0;
		};
/* End PBXResourcesBuildPhase section */

/* Begin PBXSourcesBuildPhase section */
		6373C00922B297F000DDC803 /* Sources */ = {
			isa = PBXSourcesBuildPhase;
			buildActionMask = 2147483647;
			files = (
				6373C01322B297F000DDC803 /* ViewController.swift in Sources */,
				6373C01122B297F000DDC803 /* AppDelegate.swift in Sources */,
			);
			runOnlyForDeploymentPostprocessing = 0;
		};
		6373C01D22B297F100DDC803 /* Sources */ = {
			isa = PBXSourcesBuildPhase;
			buildActionMask = 2147483647;
			files = (
				6373C02622B297F100DDC803 /* MerlinRecomendationsTests.swift in Sources */,
			);
			runOnlyForDeploymentPostprocessing = 0;
		};
/* End PBXSourcesBuildPhase section */

/* Begin PBXTargetDependency section */
		6373C02322B297F100DDC803 /* PBXTargetDependency */ = {
			isa = PBXTargetDependency;
			target = 6373C00C22B297F000DDC803 /* MerlinRecomendations */;
			targetProxy = 6373C02222B297F100DDC803 /* PBXContainerItemProxy */;
		};
/* End PBXTargetDependency section */

/* Begin PBXVariantGroup section */
		6373C01422B297F000DDC803 /* Main.storyboard */ = {
			isa = PBXVariantGroup;
			children = (
				6373C01522B297F000DDC803 /* Base */,
			);
			name = Main.storyboard;
			sourceTree = "<group>";
		};
		6373C01922B297F100DDC803 /* LaunchScreen.storyboard */ = {
			isa = PBXVariantGroup;
			children = (
				6373C01A22B297F100DDC803 /* Base */,
			);
			name = LaunchScreen.storyboard;
			sourceTree = "<group>";
		};
/* End PBXVariantGroup section */

/* Begin XCBuildConfiguration section */
		6373C02822B297F100DDC803 /* Debug */ = {
			isa = XCBuildConfiguration;
			buildSettings = {
				ALWAYS_SEARCH_USER_PATHS = NO;
				CLANG_ANALYZER_NONNULL = YES;
				CLANG_ANALYZER_NUMBER_OBJECT_CONVERSION = YES_AGGRESSIVE;
				CLANG_CXX_LANGUAGE_STANDARD = "gnu++14";
				CLANG_CXX_LIBRARY = "libc++";
				CLANG_ENABLE_MODULES = YES;
				CLANG_ENABLE_OBJC_ARC = YES;
				CLANG_ENABLE_OBJC_WEAK = YES;
				CLANG_WARN_BLOCK_CAPTURE_AUTORELEASING = YES;
				CLANG_WARN_BOOL_CONVERSION = YES;
				CLANG_WARN_COMMA = YES;
				CLANG_WARN_CONSTANT_CONVERSION = YES;
				CLANG_WARN_DEPRECATED_OBJC_IMPLEMENTATIONS = YES;
				CLANG_WARN_DIRECT_OBJC_ISA_USAGE = YES_ERROR;
				CLANG_WARN_DOCUMENTATION_COMMENTS = YES;
				CLANG_WARN_EMPTY_BODY = YES;
				CLANG_WARN_ENUM_CONVERSION = YES;
				CLANG_WARN_INFINITE_RECURSION = YES;
				CLANG_WARN_INT_CONVERSION = YES;
				CLANG_WARN_NON_LITERAL_NULL_CONVERSION = YES;
				CLANG_WARN_OBJC_IMPLICIT_RETAIN_SELF = YES;
				CLANG_WARN_OBJC_LITERAL_CONVERSION = YES;
				CLANG_WARN_OBJC_ROOT_CLASS = YES_ERROR;
				CLANG_WARN_RANGE_LOOP_ANALYSIS = YES;
				CLANG_WARN_STRICT_PROTOTYPES = YES;
				CLANG_WARN_SUSPICIOUS_MOVE = YES;
				CLANG_WARN_UNGUARDED_AVAILABILITY = YES_AGGRESSIVE;
				CLANG_WARN_UNREACHABLE_CODE = YES;
				CLANG_WARN__DUPLICATE_METHOD_MATCH = YES;
				CODE_SIGN_IDENTITY = "iPhone Developer";
				COPY_PHASE_STRIP = NO;
				DEBUG_INFORMATION_FORMAT = dwarf;
				ENABLE_STRICT_OBJC_MSGSEND = YES;
				ENABLE_TESTABILITY = YES;
				GCC_C_LANGUAGE_STANDARD = gnu11;
				GCC_DYNAMIC_NO_PIC = NO;
				GCC_NO_COMMON_BLOCKS = YES;
				GCC_OPTIMIZATION_LEVEL = 0;
				GCC_PREPROCESSOR_DEFINITIONS = (
					"DEBUG=1",
					"$(inherited)",
				);
				GCC_WARN_64_TO_32_BIT_CONVERSION = YES;
				GCC_WARN_ABOUT_RETURN_TYPE = YES_ERROR;
				GCC_WARN_UNDECLARED_SELECTOR = YES;
				GCC_WARN_UNINITIALIZED_AUTOS = YES_AGGRESSIVE;
				GCC_WARN_UNUSED_FUNCTION = YES;
				GCC_WARN_UNUSED_VARIABLE = YES;
				IPHONEOS_DEPLOYMENT_TARGET = 12.1;
				MTL_ENABLE_DEBUG_INFO = INCLUDE_SOURCE;
				MTL_FAST_MATH = YES;
				ONLY_ACTIVE_ARCH = YES;
				SDKROOT = iphoneos;
				SWIFT_ACTIVE_COMPILATION_CONDITIONS = DEBUG;
				SWIFT_OPTIMIZATION_LEVEL = "-Onone";
			};
			name = Debug;
		};
		6373C02922B297F100DDC803 /* Release */ = {
			isa = XCBuildConfiguration;
			buildSettings = {
				ALWAYS_SEARCH_USER_PATHS = NO;
				CLANG_ANALYZER_NONNULL = YES;
				CLANG_ANALYZER_NUMBER_OBJECT_CONVERSION = YES_AGGRESSIVE;
				CLANG_CXX_LANGUAGE_STANDARD = "gnu++14";
				CLANG_CXX_LIBRARY = "libc++";
				CLANG_ENABLE_MODULES = YES;
				CLANG_ENABLE_OBJC_ARC = YES;
				CLANG_ENABLE_OBJC_WEAK = YES;
				CLANG_WARN_BLOCK_CAPTURE_AUTORELEASING = YES;
				CLANG_WARN_BOOL_CONVERSION = YES;
				CLANG_WARN_COMMA = YES;
				CLANG_WARN_CONSTANT_CONVERSION = YES;
				CLANG_WARN_DEPRECATED_OBJC_IMPLEMENTATIONS = YES;
				CLANG_WARN_DIRECT_OBJC_ISA_USAGE = YES_ERROR;
				CLANG_WARN_DOCUMENTATION_COMMENTS = YES;
				CLANG_WARN_EMPTY_BODY = YES;
				CLANG_WARN_ENUM_CONVERSION = YES;
				CLANG_WARN_INFINITE_RECURSION = YES;
				CLANG_WARN_INT_CONVERSION = YES;
				CLANG_WARN_NON_LITERAL_NULL_CONVERSION = YES;
				CLANG_WARN_OBJC_IMPLICIT_RETAIN_SELF = YES;
				CLANG_WARN_OBJC_LITERAL_CONVERSION = YES;
				CLANG_WARN_OBJC_ROOT_CLASS = YES_ERROR;
				CLANG_WARN_RANGE_LOOP_ANALYSIS = YES;
				CLANG_WARN_STRICT_PROTOTYPES = YES;
				CLANG_WARN_SUSPICIOUS_MOVE = YES;
				CLANG_WARN_UNGUARDED_AVAILABILITY = YES_AGGRESSIVE;
				CLANG_WARN_UNREACHABLE_CODE = YES;
				CLANG_WARN__DUPLICATE_METHOD_MATCH = YES;
				CODE_SIGN_IDENTITY = "iPhone Developer";
				COPY_PHASE_STRIP = NO;
				DEBUG_INFORMATION_FORMAT = "dwarf-with-dsym";
				ENABLE_NS_ASSERTIONS = NO;
				ENABLE_STRICT_OBJC_MSGSEND = YES;
				GCC_C_LANGUAGE_STANDARD = gnu11;
				GCC_NO_COMMON_BLOCKS = YES;
				GCC_WARN_64_TO_32_BIT_CONVERSION = YES;
				GCC_WARN_ABOUT_RETURN_TYPE = YES_ERROR;
				GCC_WARN_UNDECLARED_SELECTOR = YES;
				GCC_WARN_UNINITIALIZED_AUTOS = YES_AGGRESSIVE;
				GCC_WARN_UNUSED_FUNCTION = YES;
				GCC_WARN_UNUSED_VARIABLE = YES;
				IPHONEOS_DEPLOYMENT_TARGET = 12.1;
				MTL_ENABLE_DEBUG_INFO = NO;
				MTL_FAST_MATH = YES;
				SDKROOT = iphoneos;
				SWIFT_COMPILATION_MODE = wholemodule;
				SWIFT_OPTIMIZATION_LEVEL = "-O";
				VALIDATE_PRODUCT = YES;
			};
			name = Release;
		};
		6373C02B22B297F100DDC803 /* Debug */ = {
			isa = XCBuildConfiguration;
			buildSettings = {
				ASSETCATALOG_COMPILER_APPICON_NAME = AppIcon;
				CODE_SIGN_STYLE = Automatic;
				DEVELOPMENT_TEAM = 3SJDCDMWVN;
				INFOPLIST_FILE = MerlinRecomendations/Info.plist;
				LD_RUNPATH_SEARCH_PATHS = (
					"$(inherited)",
					"@executable_path/Frameworks",
				);
				PRODUCT_BUNDLE_IDENTIFIER = com.lsrmarketingservice.MerlinRecomendations;
				PRODUCT_NAME = "$(TARGET_NAME)";
				SWIFT_VERSION = 4.2;
				TARGETED_DEVICE_FAMILY = "1,2";
			};
			name = Debug;
		};
		6373C02C22B297F100DDC803 /* Release */ = {
			isa = XCBuildConfiguration;
			buildSettings = {
				ASSETCATALOG_COMPILER_APPICON_NAME = AppIcon;
				CODE_SIGN_STYLE = Automatic;
				DEVELOPMENT_TEAM = 3SJDCDMWVN;
				INFOPLIST_FILE = MerlinRecomendations/Info.plist;
				LD_RUNPATH_SEARCH_PATHS = (
					"$(inherited)",
					"@executable_path/Frameworks",
				);
				PRODUCT_BUNDLE_IDENTIFIER = com.lsrmarketingservice.MerlinRecomendations;
				PRODUCT_NAME = "$(TARGET_NAME)";
				SWIFT_VERSION = 4.2;
				TARGETED_DEVICE_FAMILY = "1,2";
			};
			name = Release;
		};
		6373C02E22B297F100DDC803 /* Debug */ = {
			isa = XCBuildConfiguration;
			buildSettings = {
				ALWAYS_EMBED_SWIFT_STANDARD_LIBRARIES = YES;
				BUNDLE_LOADER = "$(TEST_HOST)";
				CODE_SIGN_STYLE = Automatic;
				DEVELOPMENT_TEAM = 3SJDCDMWVN;
				INFOPLIST_FILE = MerlinRecomendationsTests/Info.plist;
				LD_RUNPATH_SEARCH_PATHS = (
					"$(inherited)",
					"@executable_path/Frameworks",
					"@loader_path/Frameworks",
				);
				PRODUCT_BUNDLE_IDENTIFIER = com.lsrmarketingservice.MerlinRecomendationsTests;
				PRODUCT_NAME = "$(TARGET_NAME)";
				SWIFT_VERSION = 4.2;
				TARGETED_DEVICE_FAMILY = "1,2";
				TEST_HOST = "$(BUILT_PRODUCTS_DIR)/MerlinRecomendations.app/MerlinRecomendations";
			};
			name = Debug;
		};
		6373C02F22B297F100DDC803 /* Release */ = {
			isa = XCBuildConfiguration;
			buildSettings = {
				ALWAYS_EMBED_SWIFT_STANDARD_LIBRARIES = YES;
				BUNDLE_LOADER = "$(TEST_HOST)";
				CODE_SIGN_STYLE = Automatic;
				DEVELOPMENT_TEAM = 3SJDCDMWVN;
				INFOPLIST_FILE = MerlinRecomendationsTests/Info.plist;
				LD_RUNPATH_SEARCH_PATHS = (
					"$(inherited)",
					"@executable_path/Frameworks",
					"@loader_path/Frameworks",
				);
				PRODUCT_BUNDLE_IDENTIFIER = com.lsrmarketingservice.MerlinRecomendationsTests;
				PRODUCT_NAME = "$(TARGET_NAME)";
				SWIFT_VERSION = 4.2;
				TARGETED_DEVICE_FAMILY = "1,2";
				TEST_HOST = "$(BUILT_PRODUCTS_DIR)/MerlinRecomendations.app/MerlinRecomendations";
			};
			name = Release;
		};
/* End XCBuildConfiguration section */

/* Begin XCConfigurationList section */
		6373C00822B297F000DDC803 /* Build configuration list for PBXProject "MerlinRecomendations" */ = {
			isa = XCConfigurationList;
			buildConfigurations = (
				6373C02822B297F100DDC803 /* Debug */,
				6373C02922B297F100DDC803 /* Release */,
			);
			defaultConfigurationIsVisible = 0;
			defaultConfigurationName = Release;
		};
		6373C02A22B297F100DDC803 /* Build configuration list for PBXNativeTarget "MerlinRecomendations" */ = {
			isa = XCConfigurationList;
			buildConfigurations = (
				6373C02B22B297F100DDC803 /* Debug */,
				6373C02C22B297F100DDC803 /* Release */,
			);
			defaultConfigurationIsVisible = 0;
			defaultConfigurationName = Release;
		};
		6373C02D22B297F100DDC803 /* Build configuration list for PBXNativeTarget "MerlinRecomendationsTests" */ = {
			isa = XCConfigurationList;
			buildConfigurations = (
				6373C02E22B297F100DDC803 /* Debug */,
				6373C02F22B297F100DDC803 /* Release */,
			);
			defaultConfigurationIsVisible = 0;
			defaultConfigurationName = Release;
		};
/* End XCConfigurationList section */
	};
	rootObject = 6373C00522B297F000DDC803 /* Project object */;
}
